
Microsoft Visual Studio Solution File, Format Version 12.00
# Visual Studio Version 18
VisualStudioVersion = 18.0.11123.170
MinimumVisualStudioVersion = 10.0.40219.1
Project("{2150E333-8FDC-42A3-9474-1A3956D46DE8}") = "src", "src", "{F24246CF-277B-4D32-A9AA-2F7EF64BEC12}"
EndProject
Project("{9A19103F-16F7-4668-BE54-9A1E7A4F7556}") = "IdentityService", "src\IdentityService\IdentityService.csproj", "{0B82FD90-BC5B-47D7-847C-109AF4C40E83}"
EndProject
Project("{9A19103F-16F7-4668-BE54-9A1E7A4F7556}") = "OpenAiService", "src\OpenAiService\OpenAiService.csproj", "{551C1F2D-580E-4A29-854C-393FA944B6AB}"
EndProject
Project("{2150E333-8FDC-42A3-9474-1A3956D46DE8}") = "build", "build", "{F91F69D0-E14E-4F3A-BD95-36EAB67F069C}"
	ProjectSection(SolutionItems) = preProject
		build\.dockerignore = build\.dockerignore
		build\docker-compose.yml = build\docker-compose.yml
	EndProjectSection
EndProject
Project("{2150E333-8FDC-42A3-9474-1A3956D46DE8}") = "tests", "tests", "{EA2A29C7-3BD9-4F34-8158-DE185FEEC842}"
EndProject
Project("{9A19103F-16F7-4668-BE54-9A1E7A4F7556}") = "IdentityService.Tests", "tests\IdentityService.Tests\IdentityService.Tests.csproj", "{6322A659-DDC0-4DD3-8CD6-7B695345C766}"
EndProject
Project("{9A19103F-16F7-4668-BE54-9A1E7A4F7556}") = "OpenAiService.Tests", "tests\OpenAiService.Tests\OpenAiService.Tests.csproj", "{6003C5C1-D949-4B41-B3E9-BCBFAFC53D38}"
EndProject
Project("{9A19103F-16F7-4668-BE54-9A1E7A4F7556}") = "KpiHandler", "src\KpiHndler\KpiHandler.csproj", "{7945A4A3-0500-4109-8111-7E9FD4DF7DAD}"
EndProject
Project("{9A19103F-16F7-4668-BE54-9A1E7A4F7556}") = "DataBaseManager", "src\DataBaseManager\DataBaseManager.csproj", "{2A1296BD-C151-448B-A917-CAC67681A18A}"
EndProject
Global
	GlobalSection(SolutionConfigurationPlatforms) = preSolution
		Debug|Any CPU = Debug|Any CPU
		Debug|x64 = Debug|x64
		Debug|x86 = Debug|x86
		Release|Any CPU = Release|Any CPU
		Release|x64 = Release|x64
		Release|x86 = Release|x86
	EndGlobalSection
	GlobalSection(ProjectConfigurationPlatforms) = postSolution
		{0B82FD90-BC5B-47D7-847C-109AF4C40E83}.Debug|Any CPU.ActiveCfg = Debug|Any CPU
		{0B82FD90-BC5B-47D7-847C-109AF4C40E83}.Debug|Any CPU.Build.0 = Debug|Any CPU
		{0B82FD90-BC5B-47D7-847C-109AF4C40E83}.Debug|x64.ActiveCfg = Debug|Any CPU
		{0B82FD90-BC5B-47D7-847C-109AF4C40E83}.Debug|x64.Build.0 = Debug|Any CPU
		{0B82FD90-BC5B-47D7-847C-109AF4C40E83}.Debug|x86.ActiveCfg = Debug|Any CPU
		{0B82FD90-BC5B-47D7-847C-109AF4C40E83}.Debug|x86.Build.0 = Debug|Any CPU
		{0B82FD90-BC5B-47D7-847C-109AF4C40E83}.Release|Any CPU.ActiveCfg = Release|Any CPU
		{0B82FD90-BC5B-47D7-847C-109AF4C40E83}.Release|Any CPU.Build.0 = Release|Any CPU
		{0B82FD90-BC5B-47D7-847C-109AF4C40E83}.Release|x64.ActiveCfg = Release|Any CPU
		{0B82FD90-BC5B-47D7-847C-109AF4C40E83}.Release|x64.Build.0 = Release|Any CPU
		{0B82FD90-BC5B-47D7-847C-109AF4C40E83}.Release|x86.ActiveCfg = Release|Any CPU
		{0B82FD90-BC5B-47D7-847C-109AF4C40E83}.Release|x86.Build.0 = Release|Any CPU
		{551C1F2D-580E-4A29-854C-393FA944B6AB}.Debug|Any CPU.ActiveCfg = Debug|Any CPU
		{551C1F2D-580E-4A29-854C-393FA944B6AB}.Debug|Any CPU.Build.0 = Debug|Any CPU
		{551C1F2D-580E-4A29-854C-393FA944B6AB}.Debug|x64.ActiveCfg = Debug|Any CPU
		{551C1F2D-580E-4A29-854C-393FA944B6AB}.Debug|x64.Build.0 = Debug|Any CPU
		{551C1F2D-580E-4A29-854C-393FA944B6AB}.Debug|x86.ActiveCfg = Debug|Any CPU
		{551C1F2D-580E-4A29-854C-393FA944B6AB}.Debug|x86.Build.0 = Debug|Any CPU
		{551C1F2D-580E-4A29-854C-393FA944B6AB}.Release|Any CPU.ActiveCfg = Release|Any CPU
		{551C1F2D-580E-4A29-854C-393FA944B6AB}.Release|Any CPU.Build.0 = Release|Any CPU
		{551C1F2D-580E-4A29-854C-393FA944B6AB}.Release|x64.ActiveCfg = Release|Any CPU
		{551C1F2D-580E-4A29-854C-393FA944B6AB}.Release|x64.Build.0 = Release|Any CPU
		{551C1F2D-580E-4A29-854C-393FA944B6AB}.Release|x86.ActiveCfg = Release|Any CPU
		{551C1F2D-580E-4A29-854C-393FA944B6AB}.Release|x86.Build.0 = Release|Any CPU
		{6322A659-DDC0-4DD3-8CD6-7B695345C766}.Debug|Any CPU.ActiveCfg = Debug|Any CPU
		{6322A659-DDC0-4DD3-8CD6-7B695345C766}.Debug|Any CPU.Build.0 = Debug|Any CPU
		{6322A659-DDC0-4DD3-8CD6-7B695345C766}.Debug|x64.ActiveCfg = Debug|Any CPU
		{6322A659-DDC0-4DD3-8CD6-7B695345C766}.Debug|x64.Build.0 = Debug|Any CPU
		{6322A659-DDC0-4DD3-8CD6-7B695345C766}.Debug|x86.ActiveCfg = Debug|Any CPU
		{6322A659-DDC0-4DD3-8CD6-7B695345C766}.Debug|x86.Build.0 = Debug|Any CPU
		{6322A659-DDC0-4DD3-8CD6-7B695345C766}.Release|Any CPU.ActiveCfg = Release|Any CPU
		{6322A659-DDC0-4DD3-8CD6-7B695345C766}.Release|Any CPU.Build.0 = Release|Any CPU
		{6322A659-DDC0-4DD3-8CD6-7B695345C766}.Release|x64.ActiveCfg = Release|Any CPU
		{6322A659-DDC0-4DD3-8CD6-7B695345C766}.Release|x64.Build.0 = Release|Any CPU
		{6322A659-DDC0-4DD3-8CD6-7B695345C766}.Release|x86.ActiveCfg = Release|Any CPU
		{6322A659-DDC0-4DD3-8CD6-7B695345C766}.Release|x86.Build.0 = Release|Any CPU
		{6003C5C1-D949-4B41-B3E9-BCBFAFC53D38}.Debug|Any CPU.ActiveCfg = Debug|Any CPU
		{6003C5C1-D949-4B41-B3E9-BCBFAFC53D38}.Debug|Any CPU.Build.0 = Debug|Any CPU
		{6003C5C1-D949-4B41-B3E9-BCBFAFC53D38}.Debug|x64.ActiveCfg = Debug|Any CPU
		{6003C5C1-D949-4B41-B3E9-BCBFAFC53D38}.Debug|x64.Build.0 = Debug|Any CPU
		{6003C5C1-D949-4B41-B3E9-BCBFAFC53D38}.Debug|x86.ActiveCfg = Debug|Any CPU
		{6003C5C1-D949-4B41-B3E9-BCBFAFC53D38}.Debug|x86.Build.0 = Debug|Any CPU
		{6003C5C1-D949-4B41-B3E9-BCBFAFC53D38}.Release|Any CPU.ActiveCfg = Release|Any CPU
		{6003C5C1-D949-4B41-B3E9-BCBFAFC53D38}.Release|Any CPU.Build.0 = Release|Any CPU
		{6003C5C1-D949-4B41-B3E9-BCBFAFC53D38}.Release|x64.ActiveCfg = Release|Any CPU
		{6003C5C1-D949-4B41-B3E9-BCBFAFC53D38}.Release|x64.Build.0 = Release|Any CPU
		{6003C5C1-D949-4B41-B3E9-BCBFAFC53D38}.Release|x86.ActiveCfg = Release|Any CPU
		{6003C5C1-D949-4B41-B3E9-BCBFAFC53D38}.Release|x86.Build.0 = Release|Any CPU
		{7945A4A3-0500-4109-8111-7E9FD4DF7DAD}.Debug|Any CPU.ActiveCfg = Debug|Any CPU
		{7945A4A3-0500-4109-8111-7E9FD4DF7DAD}.Debug|Any CPU.Build.0 = Debug|Any CPU
		{7945A4A3-0500-4109-8111-7E9FD4DF7DAD}.Debug|x64.ActiveCfg = Debug|Any CPU
		{7945A4A3-0500-4109-8111-7E9FD4DF7DAD}.Debug|x64.Build.0 = Debug|Any CPU
		{7945A4A3-0500-4109-8111-7E9FD4DF7DAD}.Debug|x86.ActiveCfg = Debug|Any CPU
		{7945A4A3-0500-4109-8111-7E9FD4DF7DAD}.Debug|x86.Build.0 = Debug|Any CPU
		{7945A4A3-0500-4109-8111-7E9FD4DF7DAD}.Release|Any CPU.ActiveCfg = Release|Any CPU
		{7945A4A3-0500-4109-8111-7E9FD4DF7DAD}.Release|Any CPU.Build.0 = Release|Any CPU
		{7945A4A3-0500-4109-8111-7E9FD4DF7DAD}.Release|x64.ActiveCfg = Release|Any CPU
		{7945A4A3-0500-4109-8111-7E9FD4DF7DAD}.Release|x64.Build.0 = Release|Any CPU
		{7945A4A3-0500-4109-8111-7E9FD4DF7DAD}.Release|x86.ActiveCfg = Release|Any CPU
		{7945A4A3-0500-4109-8111-7E9FD4DF7DAD}.Release|x86.Build.0 = Release|Any CPU
		{2A1296BD-C151-448B-A917-CAC67681A18A}.Debug|Any CPU.ActiveCfg = Debug|Any CPU
		{2A1296BD-C151-448B-A917-CAC67681A18A}.Debug|Any CPU.Build.0 = Debug|Any CPU
		{2A1296BD-C151-448B-A917-CAC67681A18A}.Debug|x64.ActiveCfg = Debug|Any CPU
		{2A1296BD-C151-448B-A917-CAC67681A18A}.Debug|x64.Build.0 = Debug|Any CPU
		{2A1296BD-C151-448B-A917-CAC67681A18A}.Debug|x86.ActiveCfg = Debug|Any CPU
		{2A1296BD-C151-448B-A917-CAC67681A18A}.Debug|x86.Build.0 = Debug|Any CPU
		{2A1296BD-C151-448B-A917-CAC67681A18A}.Release|Any CPU.ActiveCfg = Release|Any CPU
		{2A1296BD-C151-448B-A917-CAC67681A18A}.Release|Any CPU.Build.0 = Release|Any CPU
		{2A1296BD-C151-448B-A917-CAC67681A18A}.Release|x64.ActiveCfg = Release|Any CPU
		{2A1296BD-C151-448B-A917-CAC67681A18A}.Release|x64.Build.0 = Release|Any CPU
		{2A1296BD-C151-448B-A917-CAC67681A18A}.Release|x86.ActiveCfg = Release|Any CPU
		{2A1296BD-C151-448B-A917-CAC67681A18A}.Release|x86.Build.0 = Release|Any CPU
	EndGlobalSection
	GlobalSection(SolutionProperties) = preSolution
		HideSolutionNode = FALSE
	EndGlobalSection
	GlobalSection(NestedProjects) = preSolution
		{0B82FD90-BC5B-47D7-847C-109AF4C40E83} = {F24246CF-277B-4D32-A9AA-2F7EF64BEC12}
		{551C1F2D-580E-4A29-854C-393FA944B6AB} = {F24246CF-277B-4D32-A9AA-2F7EF64BEC12}
		{6322A659-DDC0-4DD3-8CD6-7B695345C766} = {EA2A29C7-3BD9-4F34-8158-DE185FEEC842}
		{6003C5C1-D949-4B41-B3E9-BCBFAFC53D38} = {EA2A29C7-3BD9-4F34-8158-DE185FEEC842}
		{7945A4A3-0500-4109-8111-7E9FD4DF7DAD} = {F24246CF-277B-4D32-A9AA-2F7EF64BEC12}
		{2A1296BD-C151-448B-A917-CAC67681A18A} = {F24246CF-277B-4D32-A9AA-2F7EF64BEC12}
	EndGlobalSection
	GlobalSection(ExtensibilityGlobals) = postSolution
		SolutionGuid = {70B33920-8F61-4CD9-9CCC-F5AE1DB2B9D9}
	EndGlobalSection
EndGlobal
